
Microsoft Visual Studio Solution File, Format Version 12.00
# Visual Studio Version 17
VisualStudioVersion = 17.9.34728.123
MinimumVisualStudioVersion = 10.0.40219.1
Project("{9A19103F-16F7-4668-BE54-9A1E7A4F7556}") = "GreenGuard", "GreenGuard\GreenGuard.csproj", "{4E5B47FE-F2B4-415C-B298-559A21BB5AAA}"
EndProject
Global
	GlobalSection(SolutionConfigurationPlatforms) = preSolution
		Debug|Any CPU = Debug|Any CPU
		Release|Any CPU = Release|Any CPU
	EndGlobalSection
	GlobalSection(ProjectConfigurationPlatforms) = postSolution
		{4E5B47FE-F2B4-415C-B298-559A21BB5AAA}.Debug|Any CPU.ActiveCfg = Debug|Any CPU
		{4E5B47FE-F2B4-415C-B298-559A21BB5AAA}.Debug|Any CPU.Build.0 = Debug|Any CPU
		{4E5B47FE-F2B4-415C-B298-559A21BB5AAA}.Release|Any CPU.ActiveCfg = Release|Any CPU
		{4E5B47FE-F2B4-415C-B298-559A21BB5AAA}.Release|Any CPU.Build.0 = Release|Any CPU
	EndGlobalSection
	GlobalSection(SolutionProperties) = preSolution
		HideSolutionNode = FALSE
	EndGlobalSection
	GlobalSection(ExtensibilityGlobals) = postSolution
		SolutionGuid = {E89095FD-A7BB-4F39-BA0B-E3DAB9918CFF}
	EndGlobalSection
EndGlobal
